{
	"name": "ny-systems",
	"version": "1.0.0",
	"lockfileVersion": 3,
	"requires": true,
	"packages": {
		"": {
			"name": "ny-systems",
			"version": "1.0.0",
			"dependencies": {
				"@discordeno/bot": "^19.0.0-next.b2f65c2",
				"chalk": "^5.3.0",
				"dotenv": "^16.3.1"
			},
			"devDependencies": {
				"@types/node": "^20.5.0",
				"typescript": "^5.1.6"
			}
		},
		"node_modules/@discordeno/bot": {
			"version": "19.0.0-next.b2f65c2",
			"resolved": "https://registry.npmjs.org/@discordeno/bot/-/bot-19.0.0-next.b2f65c2.tgz",
			"integrity": "sha512-fDpVYIk/XoPH+YbVKt7NnmoN9g30Esq7l+GurDppmbJA6F3ukkTi/mDjh0uFYhqz4xAnG7H8yZR1BX4bMs+lNQ==",
			"dependencies": {
				"@discordeno/gateway": "19.0.0-next.b2f65c2",
				"@discordeno/rest": "19.0.0-next.b2f65c2",
				"@discordeno/types": "19.0.0-next.b2f65c2",
				"@discordeno/utils": "19.0.0-next.b2f65c2"
			}
		},
		"node_modules/@discordeno/gateway": {
			"version": "19.0.0-next.b2f65c2",
			"resolved": "https://registry.npmjs.org/@discordeno/gateway/-/gateway-19.0.0-next.b2f65c2.tgz",
			"integrity": "sha512-W6EAkMq5k6A/9fMSpYoR3Jh4drpeWeImhq8o8086fK7HOM5E6OZA0wBuKEzY7L08iDk80BMRqWGqmKEeOoURNg==",
			"dependencies": {
				"@discordeno/types": "19.0.0-next.b2f65c2",
				"@discordeno/utils": "19.0.0-next.b2f65c2",
				"ws": "^8.13.0"
			}
		},
		"node_modules/@discordeno/rest": {
			"version": "19.0.0-next.b2f65c2",
			"resolved": "https://registry.npmjs.org/@discordeno/rest/-/rest-19.0.0-next.b2f65c2.tgz",
			"integrity": "sha512-Ff+jIjv0ixVtfTV8wnJEVVQlSLjzzkngII24xAM4Y9TfPNVlto0rrXpKrdxwgDvz/BIwKT+umxTlIv54MaUKog==",
			"dependencies": {
				"@discordeno/types": "19.0.0-next.b2f65c2",
				"@discordeno/utils": "19.0.0-next.b2f65c2",
				"dotenv": "^16.0.3"
			}
		},
		"node_modules/@discordeno/types": {
			"version": "19.0.0-next.b2f65c2",
			"resolved": "https://registry.npmjs.org/@discordeno/types/-/types-19.0.0-next.b2f65c2.tgz",
			"integrity": "sha512-qF1d8a5+qmr3fkx5FWEUAPZUsuu0WhgC6fHyo7/2GjQYT+o2z9+LRHiczMsFhhRRMQqoyiRo/nutZJQEcd+hSA=="
		},
		"node_modules/@discordeno/utils": {
			"version": "19.0.0-next.b2f65c2",
			"resolved": "https://registry.npmjs.org/@discordeno/utils/-/utils-19.0.0-next.b2f65c2.tgz",
			"integrity": "sha512-QsErvRADTInUQ8ixLWjJu98Iaookw1z3ZWJvMClFU2JMMVAO+YnIljsvdxVjB8Xmw3yk5xqsgOptFrwzNvG39A==",
			"dependencies": {
				"@discordeno/types": "19.0.0-next.b2f65c2",
				"tweetnacl": "^1.0.3"
			}
		},
		"node_modules/@types/node": {
			"version": "20.5.0",
			"resolved": "https://registry.npmjs.org/@types/node/-/node-20.5.0.tgz",
			"integrity": "sha512-Mgq7eCtoTjT89FqNoTzzXg2XvCi5VMhRV6+I2aYanc6kQCBImeNaAYRs/DyoVqk1YEUJK5gN9VO7HRIdz4Wo3Q==",
			"dev": true
		},
		"node_modules/chalk": {
			"version": "5.3.0",
			"resolved": "https://registry.npmjs.org/chalk/-/chalk-5.3.0.tgz",
			"integrity": "sha512-dLitG79d+GV1Nb/VYcCDFivJeK1hiukt9QjRNVOsUtTy1rR1YJsmpGGTZ3qJos+uw7WmWF4wUwBd9jxjocFC2w==",
			"engines": {
				"node": "^12.17.0 || ^14.13 || >=16.0.0"
			},
			"funding": {
				"url": "https://github.com/chalk/chalk?sponsor=1"
			}
		},
		"node_modules/dotenv": {
			"version": "16.3.1",
			"resolved": "https://registry.npmjs.org/dotenv/-/dotenv-16.3.1.tgz",
			"integrity": "sha512-IPzF4w4/Rd94bA9imS68tZBaYyBWSCE47V1RGuMrB94iyTOIEwRmVL2x/4An+6mETpLrKJ5hQkB8W4kFAadeIQ==",
			"engines": {
				"node": ">=12"
			},
			"funding": {
				"url": "https://github.com/motdotla/dotenv?sponsor=1"
			}
		},
		"node_modules/tweetnacl": {
			"version": "1.0.3",
			"resolved": "https://registry.npmjs.org/tweetnacl/-/tweetnacl-1.0.3.tgz",
			"integrity": "sha512-6rt+RN7aOi1nGMyC4Xa5DdYiukl2UWCbcJft7YhxReBGQD7OAM8Pbxw6YMo4r2diNEA8FEmu32YOn9rhaiE5yw=="
		},
		"node_modules/typescript": {
			"version": "5.1.6",
			"resolved": "https://registry.npmjs.org/typescript/-/typescript-5.1.6.tgz",
			"integrity": "sha512-zaWCozRZ6DLEWAWFrVDz1H6FVXzUSfTy5FUMWsQlU8Ym5JP9eO4xkTIROFCQvhQf61z6O/G6ugw3SgAnvvm+HA==",
			"dev": true,
			"bin": {
				"tsc": "bin/tsc",
				"tsserver": "bin/tsserver"
			},
			"engines": {
				"node": ">=14.17"
			}
		},
		"node_modules/ws": {
			"version": "8.13.0",
			"resolved": "https://registry.npmjs.org/ws/-/ws-8.13.0.tgz",
			"integrity": "sha512-x9vcZYTrFPC7aSIbj7sRCYo7L/Xb8Iy+pW0ng0wt2vCJv7M9HOMy0UoN3rr+IFC7hb7vXoqS+P9ktyLLLhO+LA==",
			"engines": {
				"node": ">=10.0.0"
			},
			"peerDependencies": {
				"bufferutil": "^4.0.1",
				"utf-8-validate": ">=5.0.2"
			},
			"peerDependenciesMeta": {
				"bufferutil": {
					"optional": true
				},
				"utf-8-validate": {
					"optional": true
				}
			}
		}
	}
}
