{
	"name": "ny-systems",
	"version": "1.0.0",
	"lockfileVersion": 3,
	"requires": true,
	"packages": {
		"": {
			"name": "ny-systems",
			"version": "1.0.0",
			"dependencies": {
				"@discordeno/gateway": "^19.0.0-next.2d0f76e",
				"@discordeno/rest": "^19.0.0-next.2d0f76e",
				"@discordeno/types": "^19.0.0-next.6e231b5",
				"dotenv": "^16.3.1"
			},
			"devDependencies": {
				"@types/node": "^20.5.0",
				"typescript": "^5.1.6"
			}
		},
		"node_modules/@discordeno/gateway": {
			"version": "19.0.0-next.2d0f76e",
			"resolved": "https://registry.npmjs.org/@discordeno/gateway/-/gateway-19.0.0-next.2d0f76e.tgz",
			"integrity": "sha512-Linhr33cQiF0cRd6XGCnWLWX5ERfF4kp0TKIRp4Uj+9y52Qq33s2Ziytrm3lt3H4WqE14ltZtrJv+0xfwB4eAg==",
			"dependencies": {
				"@discordeno/types": "19.0.0-next.2d0f76e",
				"@discordeno/utils": "19.0.0-next.2d0f76e",
				"ws": "^8.13.0"
			}
		},
		"node_modules/@discordeno/gateway/node_modules/@discordeno/types": {
			"version": "19.0.0-next.2d0f76e",
			"resolved": "https://registry.npmjs.org/@discordeno/types/-/types-19.0.0-next.2d0f76e.tgz",
			"integrity": "sha512-fW40w3/il4QGK4c9VbpXIECaCo+46oY7Bi1eY2OOk9X/b1HKo9YUNI1ehpbBE8EERepphiyaqzbx3us5gY2cOg=="
		},
		"node_modules/@discordeno/rest": {
			"version": "19.0.0-next.2d0f76e",
			"resolved": "https://registry.npmjs.org/@discordeno/rest/-/rest-19.0.0-next.2d0f76e.tgz",
			"integrity": "sha512-KCFDiPN6GoUcZtJIWe/S71k/bY1CXZw7rjd/HRnC2f1TbM+pLoq2qoINzQW94gsu8n0xrAoWxb5yyhqpIIeBhA==",
			"dependencies": {
				"@discordeno/types": "19.0.0-next.2d0f76e",
				"@discordeno/utils": "19.0.0-next.2d0f76e",
				"dotenv": "^16.0.3"
			}
		},
		"node_modules/@discordeno/rest/node_modules/@discordeno/types": {
			"version": "19.0.0-next.2d0f76e",
			"resolved": "https://registry.npmjs.org/@discordeno/types/-/types-19.0.0-next.2d0f76e.tgz",
			"integrity": "sha512-fW40w3/il4QGK4c9VbpXIECaCo+46oY7Bi1eY2OOk9X/b1HKo9YUNI1ehpbBE8EERepphiyaqzbx3us5gY2cOg=="
		},
		"node_modules/@discordeno/types": {
			"version": "19.0.0-next.6e231b5",
			"resolved": "https://registry.npmjs.org/@discordeno/types/-/types-19.0.0-next.6e231b5.tgz",
			"integrity": "sha512-qLjW3iuDvRY0weI1foUbVqXOYlzcBmthN1SLek93ZGPg+5H/2jEWUuDFvzo55hMq5Xt8pXQfI5paz0Yd18RdpQ=="
		},
		"node_modules/@discordeno/utils": {
			"version": "19.0.0-next.2d0f76e",
			"resolved": "https://registry.npmjs.org/@discordeno/utils/-/utils-19.0.0-next.2d0f76e.tgz",
			"integrity": "sha512-4y7n7E63OD4XFkmCoxPnx37dsS8TWtkQhfhtgb68mFUixA3FAioaJrBNtBGvS0n6RcmiZrDQxtx7Kz3WMcCUKQ==",
			"dependencies": {
				"@discordeno/types": "19.0.0-next.2d0f76e",
				"tweetnacl": "^1.0.3"
			}
		},
		"node_modules/@discordeno/utils/node_modules/@discordeno/types": {
			"version": "19.0.0-next.2d0f76e",
			"resolved": "https://registry.npmjs.org/@discordeno/types/-/types-19.0.0-next.2d0f76e.tgz",
			"integrity": "sha512-fW40w3/il4QGK4c9VbpXIECaCo+46oY7Bi1eY2OOk9X/b1HKo9YUNI1ehpbBE8EERepphiyaqzbx3us5gY2cOg=="
		},
		"node_modules/@types/node": {
			"version": "20.5.0",
			"resolved": "https://registry.npmjs.org/@types/node/-/node-20.5.0.tgz",
			"integrity": "sha512-Mgq7eCtoTjT89FqNoTzzXg2XvCi5VMhRV6+I2aYanc6kQCBImeNaAYRs/DyoVqk1YEUJK5gN9VO7HRIdz4Wo3Q==",
			"dev": true
		},
		"node_modules/dotenv": {
			"version": "16.3.1",
			"resolved": "https://registry.npmjs.org/dotenv/-/dotenv-16.3.1.tgz",
			"integrity": "sha512-IPzF4w4/Rd94bA9imS68tZBaYyBWSCE47V1RGuMrB94iyTOIEwRmVL2x/4An+6mETpLrKJ5hQkB8W4kFAadeIQ==",
			"engines": {
				"node": ">=12"
			},
			"funding": {
				"url": "https://github.com/motdotla/dotenv?sponsor=1"
			}
		},
		"node_modules/tweetnacl": {
			"version": "1.0.3",
			"resolved": "https://registry.npmjs.org/tweetnacl/-/tweetnacl-1.0.3.tgz",
			"integrity": "sha512-6rt+RN7aOi1nGMyC4Xa5DdYiukl2UWCbcJft7YhxReBGQD7OAM8Pbxw6YMo4r2diNEA8FEmu32YOn9rhaiE5yw=="
		},
		"node_modules/typescript": {
			"version": "5.1.6",
			"resolved": "https://registry.npmjs.org/typescript/-/typescript-5.1.6.tgz",
			"integrity": "sha512-zaWCozRZ6DLEWAWFrVDz1H6FVXzUSfTy5FUMWsQlU8Ym5JP9eO4xkTIROFCQvhQf61z6O/G6ugw3SgAnvvm+HA==",
			"dev": true,
			"bin": {
				"tsc": "bin/tsc",
				"tsserver": "bin/tsserver"
			},
			"engines": {
				"node": ">=14.17"
			}
		},
		"node_modules/ws": {
			"version": "8.13.0",
			"resolved": "https://registry.npmjs.org/ws/-/ws-8.13.0.tgz",
			"integrity": "sha512-x9vcZYTrFPC7aSIbj7sRCYo7L/Xb8Iy+pW0ng0wt2vCJv7M9HOMy0UoN3rr+IFC7hb7vXoqS+P9ktyLLLhO+LA==",
			"engines": {
				"node": ">=10.0.0"
			},
			"peerDependencies": {
				"bufferutil": "^4.0.1",
				"utf-8-validate": ">=5.0.2"
			},
			"peerDependenciesMeta": {
				"bufferutil": {
					"optional": true
				},
				"utf-8-validate": {
					"optional": true
				}
			}
		}
	}
}
